// !$*UTF8*$!
{
	archiveVersion = 1;
	classes = {
	};
	objectVersion = 56;
	objects = {

/* Begin PBXBuildFile section */
		1A6B5E8729D6383E0002C6CE /* AppDelegate.swift in Sources */ = {isa = PBXBuildFile; fileRef = 1A6B5E8629D6383E0002C6CE /* AppDelegate.swift */; };
		1A6B5E8929D6383E0002C6CE /* SceneDelegate.swift in Sources */ = {isa = PBXBuildFile; fileRef = 1A6B5E8829D6383E0002C6CE /* SceneDelegate.swift */; };
		1A6B5E9029D6383F0002C6CE /* Assets.xcassets in Resources */ = {isa = PBXBuildFile; fileRef = 1A6B5E8F29D6383F0002C6CE /* Assets.xcassets */; };
		1A6B5E9329D6383F0002C6CE /* LaunchScreen.storyboard in Resources */ = {isa = PBXBuildFile; fileRef = 1A6B5E9129D6383F0002C6CE /* LaunchScreen.storyboard */; };
		1A6B5E9E29D6383F0002C6CE /* Euskal_TelebistaTests.swift in Sources */ = {isa = PBXBuildFile; fileRef = 1A6B5E9D29D6383F0002C6CE /* Euskal_TelebistaTests.swift */; };
		1A6B5EA829D6383F0002C6CE /* Euskal_TelebistaUITests.swift in Sources */ = {isa = PBXBuildFile; fileRef = 1A6B5EA729D6383F0002C6CE /* Euskal_TelebistaUITests.swift */; };
		1A6B5EAA29D6383F0002C6CE /* Euskal_TelebistaUITestsLaunchTests.swift in Sources */ = {isa = PBXBuildFile; fileRef = 1A6B5EA929D6383F0002C6CE /* Euskal_TelebistaUITestsLaunchTests.swift */; };
		1A6B5EC029D6DE520002C6CE /* MainPresenter.swift in Sources */ = {isa = PBXBuildFile; fileRef = 1A6B5EBB29D6DE520002C6CE /* MainPresenter.swift */; };
		1A6B5EC129D6DE520002C6CE /* MainRouter.swift in Sources */ = {isa = PBXBuildFile; fileRef = 1A6B5EBC29D6DE520002C6CE /* MainRouter.swift */; };
		1A6B5EC229D6DE520002C6CE /* MainProtocols.swift in Sources */ = {isa = PBXBuildFile; fileRef = 1A6B5EBD29D6DE520002C6CE /* MainProtocols.swift */; };
		1A6B5EC329D6DE520002C6CE /* MainInteractor.swift in Sources */ = {isa = PBXBuildFile; fileRef = 1A6B5EBE29D6DE520002C6CE /* MainInteractor.swift */; };
		1A6B5EC429D6DE520002C6CE /* MainView.swift in Sources */ = {isa = PBXBuildFile; fileRef = 1A6B5EBF29D6DE520002C6CE /* MainView.swift */; };
		1A6B5EC629D6DE660002C6CE /* MainView.xib in Resources */ = {isa = PBXBuildFile; fileRef = 1A6B5EC529D6DE660002C6CE /* MainView.xib */; };
		1A6B5EC929D6E16B0002C6CE /* Endpoint.swift in Sources */ = {isa = PBXBuildFile; fileRef = 1A6B5EC829D6E16B0002C6CE /* Endpoint.swift */; };
		1A6B5ECD29D6E26B0002C6CE /* EndpointCases.swift in Sources */ = {isa = PBXBuildFile; fileRef = 1A6B5ECC29D6E26B0002C6CE /* EndpointCases.swift */; };
		1A6B5ECF29D6E4C80002C6CE /* APIManagerProtocol.swift in Sources */ = {isa = PBXBuildFile; fileRef = 1A6B5ECE29D6E4C80002C6CE /* APIManagerProtocol.swift */; };
		1A6B5ED129D6E4D20002C6CE /* APIManager.swift in Sources */ = {isa = PBXBuildFile; fileRef = 1A6B5ED029D6E4D20002C6CE /* APIManager.swift */; };
		1A6B5ED429D6E5E40002C6CE /* TVShow.swift in Sources */ = {isa = PBXBuildFile; fileRef = 1A6B5ED329D6E5E40002C6CE /* TVShow.swift */; };
		1A6B5ED629D6E5F00002C6CE /* TVShowResponse.swift in Sources */ = {isa = PBXBuildFile; fileRef = 1A6B5ED529D6E5F00002C6CE /* TVShowResponse.swift */; };
		1A6B5ED829D6E6F50002C6CE /* ImageData.swift in Sources */ = {isa = PBXBuildFile; fileRef = 1A6B5ED729D6E6F50002C6CE /* ImageData.swift */; };
		1A6B5EDA29D6E73D0002C6CE /* Playlist.swift in Sources */ = {isa = PBXBuildFile; fileRef = 1A6B5ED929D6E73D0002C6CE /* Playlist.swift */; };
		1A6B5EDF29D72A600002C6CE /* TVShowCellTableViewCell.swift in Sources */ = {isa = PBXBuildFile; fileRef = 1A6B5EDD29D72A600002C6CE /* TVShowCellTableViewCell.swift */; };
		1A6B5EE029D72A600002C6CE /* TVShowCellTableViewCell.xib in Resources */ = {isa = PBXBuildFile; fileRef = 1A6B5EDE29D72A600002C6CE /* TVShowCellTableViewCell.xib */; };
		1A6B5EE329D76D7B0002C6CE /* Kingfisher in Frameworks */ = {isa = PBXBuildFile; productRef = 1A6B5EE229D76D7B0002C6CE /* Kingfisher */; };
		1A747DC629D79DEA00878478 /* TVShowDetailPresenter.swift in Sources */ = {isa = PBXBuildFile; fileRef = 1A747DC129D79DEA00878478 /* TVShowDetailPresenter.swift */; };
		1A747DC729D79DEA00878478 /* TVShowDetailRouter.swift in Sources */ = {isa = PBXBuildFile; fileRef = 1A747DC229D79DEA00878478 /* TVShowDetailRouter.swift */; };
		1A747DC829D79DEA00878478 /* TVShowDetailProtocols.swift in Sources */ = {isa = PBXBuildFile; fileRef = 1A747DC329D79DEA00878478 /* TVShowDetailProtocols.swift */; };
		1A747DC929D79DEA00878478 /* TVShowDetailInteractor.swift in Sources */ = {isa = PBXBuildFile; fileRef = 1A747DC429D79DEA00878478 /* TVShowDetailInteractor.swift */; };
		1A747DCA29D79DEA00878478 /* TVShowDetailView.swift in Sources */ = {isa = PBXBuildFile; fileRef = 1A747DC529D79DEA00878478 /* TVShowDetailView.swift */; };
		1A747DCC29D79E0200878478 /* TVShowDetailView.xib in Resources */ = {isa = PBXBuildFile; fileRef = 1A747DCB29D79E0200878478 /* TVShowDetailView.xib */; };
		1A747DD429D89D6100878478 /* TVShowDetail.swift in Sources */ = {isa = PBXBuildFile; fileRef = 1A747DD329D89D6100878478 /* TVShowDetail.swift */; };
		1A747DD629D8A98E00878478 /* TVShowInfo.swift in Sources */ = {isa = PBXBuildFile; fileRef = 1A747DD529D8A98E00878478 /* TVShowInfo.swift */; };
		1A747DDA29D9801600878478 /* TVShowMainInfoTableViewCell.swift in Sources */ = {isa = PBXBuildFile; fileRef = 1A747DD829D9801600878478 /* TVShowMainInfoTableViewCell.swift */; };
		1A747DDB29D9801600878478 /* TVShowMainInfoTableViewCell.xib in Resources */ = {isa = PBXBuildFile; fileRef = 1A747DD929D9801600878478 /* TVShowMainInfoTableViewCell.xib */; };
/* End PBXBuildFile section */

/* Begin PBXContainerItemProxy section */
		1A6B5E9A29D6383F0002C6CE /* PBXContainerItemProxy */ = {
			isa = PBXContainerItemProxy;
			containerPortal = 1A6B5E7B29D6383E0002C6CE /* Project object */;
			proxyType = 1;
			remoteGlobalIDString = 1A6B5E8229D6383E0002C6CE;
			remoteInfo = "Euskal-Telebista";
		};
		1A6B5EA429D6383F0002C6CE /* PBXContainerItemProxy */ = {
			isa = PBXContainerItemProxy;
			containerPortal = 1A6B5E7B29D6383E0002C6CE /* Project object */;
			proxyType = 1;
			remoteGlobalIDString = 1A6B5E8229D6383E0002C6CE;
			remoteInfo = "Euskal-Telebista";
		};
/* End PBXContainerItemProxy section */

/* Begin PBXFileReference section */
		1A6B5E8329D6383E0002C6CE /* Euskal-Telebista.app */ = {isa = PBXFileReference; explicitFileType = wrapper.application; includeInIndex = 0; path = "Euskal-Telebista.app"; sourceTree = BUILT_PRODUCTS_DIR; };
		1A6B5E8629D6383E0002C6CE /* AppDelegate.swift */ = {isa = PBXFileReference; lastKnownFileType = sourcecode.swift; path = AppDelegate.swift; sourceTree = "<group>"; };
		1A6B5E8829D6383E0002C6CE /* SceneDelegate.swift */ = {isa = PBXFileReference; lastKnownFileType = sourcecode.swift; path = SceneDelegate.swift; sourceTree = "<group>"; };
		1A6B5E8F29D6383F0002C6CE /* Assets.xcassets */ = {isa = PBXFileReference; lastKnownFileType = folder.assetcatalog; path = Assets.xcassets; sourceTree = "<group>"; };
		1A6B5E9229D6383F0002C6CE /* Base */ = {isa = PBXFileReference; lastKnownFileType = file.storyboard; name = Base; path = Base.lproj/LaunchScreen.storyboard; sourceTree = "<group>"; };
		1A6B5E9429D6383F0002C6CE /* Info.plist */ = {isa = PBXFileReference; lastKnownFileType = text.plist.xml; path = Info.plist; sourceTree = "<group>"; };
		1A6B5E9929D6383F0002C6CE /* Euskal-TelebistaTests.xctest */ = {isa = PBXFileReference; explicitFileType = wrapper.cfbundle; includeInIndex = 0; path = "Euskal-TelebistaTests.xctest"; sourceTree = BUILT_PRODUCTS_DIR; };
		1A6B5E9D29D6383F0002C6CE /* Euskal_TelebistaTests.swift */ = {isa = PBXFileReference; lastKnownFileType = sourcecode.swift; path = Euskal_TelebistaTests.swift; sourceTree = "<group>"; };
		1A6B5EA329D6383F0002C6CE /* Euskal-TelebistaUITests.xctest */ = {isa = PBXFileReference; explicitFileType = wrapper.cfbundle; includeInIndex = 0; path = "Euskal-TelebistaUITests.xctest"; sourceTree = BUILT_PRODUCTS_DIR; };
		1A6B5EA729D6383F0002C6CE /* Euskal_TelebistaUITests.swift */ = {isa = PBXFileReference; lastKnownFileType = sourcecode.swift; path = Euskal_TelebistaUITests.swift; sourceTree = "<group>"; };
		1A6B5EA929D6383F0002C6CE /* Euskal_TelebistaUITestsLaunchTests.swift */ = {isa = PBXFileReference; lastKnownFileType = sourcecode.swift; path = Euskal_TelebistaUITestsLaunchTests.swift; sourceTree = "<group>"; };
		1A6B5EBB29D6DE520002C6CE /* MainPresenter.swift */ = {isa = PBXFileReference; lastKnownFileType = sourcecode.swift; path = MainPresenter.swift; sourceTree = "<group>"; };
		1A6B5EBC29D6DE520002C6CE /* MainRouter.swift */ = {isa = PBXFileReference; lastKnownFileType = sourcecode.swift; path = MainRouter.swift; sourceTree = "<group>"; };
		1A6B5EBD29D6DE520002C6CE /* MainProtocols.swift */ = {isa = PBXFileReference; lastKnownFileType = sourcecode.swift; path = MainProtocols.swift; sourceTree = "<group>"; };
		1A6B5EBE29D6DE520002C6CE /* MainInteractor.swift */ = {isa = PBXFileReference; lastKnownFileType = sourcecode.swift; path = MainInteractor.swift; sourceTree = "<group>"; };
		1A6B5EBF29D6DE520002C6CE /* MainView.swift */ = {isa = PBXFileReference; lastKnownFileType = sourcecode.swift; path = MainView.swift; sourceTree = "<group>"; };
		1A6B5EC529D6DE660002C6CE /* MainView.xib */ = {isa = PBXFileReference; lastKnownFileType = file.xib; path = MainView.xib; sourceTree = "<group>"; };
		1A6B5EC829D6E16B0002C6CE /* Endpoint.swift */ = {isa = PBXFileReference; lastKnownFileType = sourcecode.swift; path = Endpoint.swift; sourceTree = "<group>"; };
		1A6B5ECC29D6E26B0002C6CE /* EndpointCases.swift */ = {isa = PBXFileReference; lastKnownFileType = sourcecode.swift; path = EndpointCases.swift; sourceTree = "<group>"; };
		1A6B5ECE29D6E4C80002C6CE /* APIManagerProtocol.swift */ = {isa = PBXFileReference; lastKnownFileType = sourcecode.swift; path = APIManagerProtocol.swift; sourceTree = "<group>"; };
		1A6B5ED029D6E4D20002C6CE /* APIManager.swift */ = {isa = PBXFileReference; lastKnownFileType = sourcecode.swift; path = APIManager.swift; sourceTree = "<group>"; };
		1A6B5ED329D6E5E40002C6CE /* TVShow.swift */ = {isa = PBXFileReference; lastKnownFileType = sourcecode.swift; path = TVShow.swift; sourceTree = "<group>"; };
		1A6B5ED529D6E5F00002C6CE /* TVShowResponse.swift */ = {isa = PBXFileReference; lastKnownFileType = sourcecode.swift; path = TVShowResponse.swift; sourceTree = "<group>"; };
		1A6B5ED729D6E6F50002C6CE /* ImageData.swift */ = {isa = PBXFileReference; lastKnownFileType = sourcecode.swift; path = ImageData.swift; sourceTree = "<group>"; };
		1A6B5ED929D6E73D0002C6CE /* Playlist.swift */ = {isa = PBXFileReference; lastKnownFileType = sourcecode.swift; path = Playlist.swift; sourceTree = "<group>"; };
		1A6B5EDD29D72A600002C6CE /* TVShowCellTableViewCell.swift */ = {isa = PBXFileReference; lastKnownFileType = sourcecode.swift; path = TVShowCellTableViewCell.swift; sourceTree = "<group>"; };
		1A6B5EDE29D72A600002C6CE /* TVShowCellTableViewCell.xib */ = {isa = PBXFileReference; lastKnownFileType = file.xib; path = TVShowCellTableViewCell.xib; sourceTree = "<group>"; };
		1A747DC129D79DEA00878478 /* TVShowDetailPresenter.swift */ = {isa = PBXFileReference; lastKnownFileType = sourcecode.swift; path = TVShowDetailPresenter.swift; sourceTree = "<group>"; };
		1A747DC229D79DEA00878478 /* TVShowDetailRouter.swift */ = {isa = PBXFileReference; lastKnownFileType = sourcecode.swift; path = TVShowDetailRouter.swift; sourceTree = "<group>"; };
		1A747DC329D79DEA00878478 /* TVShowDetailProtocols.swift */ = {isa = PBXFileReference; lastKnownFileType = sourcecode.swift; path = TVShowDetailProtocols.swift; sourceTree = "<group>"; };
		1A747DC429D79DEA00878478 /* TVShowDetailInteractor.swift */ = {isa = PBXFileReference; lastKnownFileType = sourcecode.swift; path = TVShowDetailInteractor.swift; sourceTree = "<group>"; };
		1A747DC529D79DEA00878478 /* TVShowDetailView.swift */ = {isa = PBXFileReference; lastKnownFileType = sourcecode.swift; path = TVShowDetailView.swift; sourceTree = "<group>"; };
		1A747DCB29D79E0200878478 /* TVShowDetailView.xib */ = {isa = PBXFileReference; lastKnownFileType = file.xib; path = TVShowDetailView.xib; sourceTree = "<group>"; };
		1A747DD329D89D6100878478 /* TVShowDetail.swift */ = {isa = PBXFileReference; lastKnownFileType = sourcecode.swift; path = TVShowDetail.swift; sourceTree = "<group>"; };
		1A747DD529D8A98E00878478 /* TVShowInfo.swift */ = {isa = PBXFileReference; lastKnownFileType = sourcecode.swift; path = TVShowInfo.swift; sourceTree = "<group>"; };
		1A747DD829D9801600878478 /* TVShowMainInfoTableViewCell.swift */ = {isa = PBXFileReference; lastKnownFileType = sourcecode.swift; path = TVShowMainInfoTableViewCell.swift; sourceTree = "<group>"; };
		1A747DD929D9801600878478 /* TVShowMainInfoTableViewCell.xib */ = {isa = PBXFileReference; lastKnownFileType = file.xib; path = TVShowMainInfoTableViewCell.xib; sourceTree = "<group>"; };
/* End PBXFileReference section */

/* Begin PBXFrameworksBuildPhase section */
		1A6B5E8029D6383E0002C6CE /* Frameworks */ = {
			isa = PBXFrameworksBuildPhase;
			buildActionMask = 2147483647;
			files = (
				1A6B5EE329D76D7B0002C6CE /* Kingfisher in Frameworks */,
			);
			runOnlyForDeploymentPostprocessing = 0;
		};
		1A6B5E9629D6383F0002C6CE /* Frameworks */ = {
			isa = PBXFrameworksBuildPhase;
			buildActionMask = 2147483647;
			files = (
			);
			runOnlyForDeploymentPostprocessing = 0;
		};
		1A6B5EA029D6383F0002C6CE /* Frameworks */ = {
			isa = PBXFrameworksBuildPhase;
			buildActionMask = 2147483647;
			files = (
			);
			runOnlyForDeploymentPostprocessing = 0;
		};
/* End PBXFrameworksBuildPhase section */

/* Begin PBXGroup section */
		1A6B5E7A29D6383E0002C6CE = {
			isa = PBXGroup;
			children = (
				1A6B5E8529D6383E0002C6CE /* Euskal-Telebista */,
				1A6B5E9C29D6383F0002C6CE /* Euskal-TelebistaTests */,
				1A6B5EA629D6383F0002C6CE /* Euskal-TelebistaUITests */,
				1A6B5E8429D6383E0002C6CE /* Products */,
			);
			sourceTree = "<group>";
		};
		1A6B5E8429D6383E0002C6CE /* Products */ = {
			isa = PBXGroup;
			children = (
				1A6B5E8329D6383E0002C6CE /* Euskal-Telebista.app */,
				1A6B5E9929D6383F0002C6CE /* Euskal-TelebistaTests.xctest */,
				1A6B5EA329D6383F0002C6CE /* Euskal-TelebistaUITests.xctest */,
			);
			name = Products;
			sourceTree = "<group>";
		};
		1A6B5E8529D6383E0002C6CE /* Euskal-Telebista */ = {
			isa = PBXGroup;
			children = (
				1A6B5EB629D6DDAD0002C6CE /* App */,
				1A6B5EB729D6DDB70002C6CE /* Resources */,
				1A6B5EB829D6DDC30002C6CE /* Supporting files */,
				1A6B5EC729D6E1530002C6CE /* API */,
				1A6B5ED229D6E5CD0002C6CE /* Entities */,
				1A6B5EB929D6DE340002C6CE /* Modules */,
			);
			path = "Euskal-Telebista";
			sourceTree = "<group>";
		};
		1A6B5E9C29D6383F0002C6CE /* Euskal-TelebistaTests */ = {
			isa = PBXGroup;
			children = (
				1A6B5E9D29D6383F0002C6CE /* Euskal_TelebistaTests.swift */,
			);
			path = "Euskal-TelebistaTests";
			sourceTree = "<group>";
		};
		1A6B5EA629D6383F0002C6CE /* Euskal-TelebistaUITests */ = {
			isa = PBXGroup;
			children = (
				1A6B5EA729D6383F0002C6CE /* Euskal_TelebistaUITests.swift */,
				1A6B5EA929D6383F0002C6CE /* Euskal_TelebistaUITestsLaunchTests.swift */,
			);
			path = "Euskal-TelebistaUITests";
			sourceTree = "<group>";
		};
		1A6B5EB629D6DDAD0002C6CE /* App */ = {
			isa = PBXGroup;
			children = (
				1A6B5E8629D6383E0002C6CE /* AppDelegate.swift */,
				1A6B5E8829D6383E0002C6CE /* SceneDelegate.swift */,
			);
			path = App;
			sourceTree = "<group>";
		};
		1A6B5EB729D6DDB70002C6CE /* Resources */ = {
			isa = PBXGroup;
			children = (
				1A6B5E8F29D6383F0002C6CE /* Assets.xcassets */,
			);
			path = Resources;
			sourceTree = "<group>";
		};
		1A6B5EB829D6DDC30002C6CE /* Supporting files */ = {
			isa = PBXGroup;
			children = (
				1A6B5E9129D6383F0002C6CE /* LaunchScreen.storyboard */,
				1A6B5E9429D6383F0002C6CE /* Info.plist */,
			);
			path = "Supporting files";
			sourceTree = "<group>";
		};
		1A6B5EB929D6DE340002C6CE /* Modules */ = {
			isa = PBXGroup;
			children = (
				1A6B5EBA29D6DE400002C6CE /* Main */,
				1A747DC029D79DD000878478 /* TVShowDetail */,
			);
			path = Modules;
			sourceTree = "<group>";
		};
		1A6B5EBA29D6DE400002C6CE /* Main */ = {
			isa = PBXGroup;
			children = (
				1A6B5EBD29D6DE520002C6CE /* MainProtocols.swift */,
				1A6B5EBF29D6DE520002C6CE /* MainView.swift */,
				1A6B5EC529D6DE660002C6CE /* MainView.xib */,
				1A6B5EDB29D72A3D0002C6CE /* Views */,
				1A6B5EBB29D6DE520002C6CE /* MainPresenter.swift */,
				1A6B5EBE29D6DE520002C6CE /* MainInteractor.swift */,
				1A6B5EBC29D6DE520002C6CE /* MainRouter.swift */,
			);
			path = Main;
			sourceTree = "<group>";
		};
		1A6B5EC729D6E1530002C6CE /* API */ = {
			isa = PBXGroup;
			children = (
				1A6B5EC829D6E16B0002C6CE /* Endpoint.swift */,
				1A6B5ECC29D6E26B0002C6CE /* EndpointCases.swift */,
				1A6B5ECE29D6E4C80002C6CE /* APIManagerProtocol.swift */,
				1A6B5ED029D6E4D20002C6CE /* APIManager.swift */,
			);
			path = API;
			sourceTree = "<group>";
		};
		1A6B5ED229D6E5CD0002C6CE /* Entities */ = {
			isa = PBXGroup;
			children = (
				1A6B5ED529D6E5F00002C6CE /* TVShowResponse.swift */,
				1A6B5ED329D6E5E40002C6CE /* TVShow.swift */,
				1A6B5ED729D6E6F50002C6CE /* ImageData.swift */,
				1A6B5ED929D6E73D0002C6CE /* Playlist.swift */,
				1A747DD529D8A98E00878478 /* TVShowInfo.swift */,
				1A747DD329D89D6100878478 /* TVShowDetail.swift */,
			);
			path = Entities;
			sourceTree = "<group>";
		};
		1A6B5EDB29D72A3D0002C6CE /* Views */ = {
			isa = PBXGroup;
			children = (
				1A6B5EDC29D72A440002C6CE /* TVShowCell */,
			);
			path = Views;
			sourceTree = "<group>";
		};
		1A6B5EDC29D72A440002C6CE /* TVShowCell */ = {
			isa = PBXGroup;
			children = (
				1A6B5EDD29D72A600002C6CE /* TVShowCellTableViewCell.swift */,
				1A6B5EDE29D72A600002C6CE /* TVShowCellTableViewCell.xib */,
			);
			path = TVShowCell;
			sourceTree = "<group>";
		};
		1A747DC029D79DD000878478 /* TVShowDetail */ = {
			isa = PBXGroup;
			children = (
				1A747DC329D79DEA00878478 /* TVShowDetailProtocols.swift */,
				1A747DC529D79DEA00878478 /* TVShowDetailView.swift */,
				1A747DCB29D79E0200878478 /* TVShowDetailView.xib */,
				1A747DCD29D83AAF00878478 /* Views */,
				1A747DC129D79DEA00878478 /* TVShowDetailPresenter.swift */,
				1A747DC429D79DEA00878478 /* TVShowDetailInteractor.swift */,
				1A747DC229D79DEA00878478 /* TVShowDetailRouter.swift */,
			);
			path = TVShowDetail;
			sourceTree = "<group>";
		};
		1A747DCD29D83AAF00878478 /* Views */ = {
			isa = PBXGroup;
			children = (
				1A747DD729D97FF800878478 /* TVShowMainInfo */,
			);
			path = Views;
			sourceTree = "<group>";
		};
		1A747DD729D97FF800878478 /* TVShowMainInfo */ = {
			isa = PBXGroup;
			children = (
				1A747DD829D9801600878478 /* TVShowMainInfoTableViewCell.swift */,
				1A747DD929D9801600878478 /* TVShowMainInfoTableViewCell.xib */,
			);
			path = TVShowMainInfo;
			sourceTree = "<group>";
		};
/* End PBXGroup section */

/* Begin PBXNativeTarget section */
		1A6B5E8229D6383E0002C6CE /* Euskal-Telebista */ = {
			isa = PBXNativeTarget;
			buildConfigurationList = 1A6B5EAD29D6383F0002C6CE /* Build configuration list for PBXNativeTarget "Euskal-Telebista" */;
			buildPhases = (
				1A6B5E7F29D6383E0002C6CE /* Sources */,
				1A6B5E8029D6383E0002C6CE /* Frameworks */,
				1A6B5E8129D6383E0002C6CE /* Resources */,
			);
			buildRules = (
			);
			dependencies = (
			);
			name = "Euskal-Telebista";
			packageProductDependencies = (
				1A6B5EE229D76D7B0002C6CE /* Kingfisher */,
			);
			productName = "Euskal-Telebista";
			productReference = 1A6B5E8329D6383E0002C6CE /* Euskal-Telebista.app */;
			productType = "com.apple.product-type.application";
		};
		1A6B5E9829D6383F0002C6CE /* Euskal-TelebistaTests */ = {
			isa = PBXNativeTarget;
			buildConfigurationList = 1A6B5EB029D6383F0002C6CE /* Build configuration list for PBXNativeTarget "Euskal-TelebistaTests" */;
			buildPhases = (
				1A6B5E9529D6383F0002C6CE /* Sources */,
				1A6B5E9629D6383F0002C6CE /* Frameworks */,
				1A6B5E9729D6383F0002C6CE /* Resources */,
			);
			buildRules = (
			);
			dependencies = (
				1A6B5E9B29D6383F0002C6CE /* PBXTargetDependency */,
			);
			name = "Euskal-TelebistaTests";
			productName = "Euskal-TelebistaTests";
			productReference = 1A6B5E9929D6383F0002C6CE /* Euskal-TelebistaTests.xctest */;
			productType = "com.apple.product-type.bundle.unit-test";
		};
		1A6B5EA229D6383F0002C6CE /* Euskal-TelebistaUITests */ = {
			isa = PBXNativeTarget;
			buildConfigurationList = 1A6B5EB329D6383F0002C6CE /* Build configuration list for PBXNativeTarget "Euskal-TelebistaUITests" */;
			buildPhases = (
				1A6B5E9F29D6383F0002C6CE /* Sources */,
				1A6B5EA029D6383F0002C6CE /* Frameworks */,
				1A6B5EA129D6383F0002C6CE /* Resources */,
			);
			buildRules = (
			);
			dependencies = (
				1A6B5EA529D6383F0002C6CE /* PBXTargetDependency */,
			);
			name = "Euskal-TelebistaUITests";
			productName = "Euskal-TelebistaUITests";
			productReference = 1A6B5EA329D6383F0002C6CE /* Euskal-TelebistaUITests.xctest */;
			productType = "com.apple.product-type.bundle.ui-testing";
		};
/* End PBXNativeTarget section */

/* Begin PBXProject section */
		1A6B5E7B29D6383E0002C6CE /* Project object */ = {
			isa = PBXProject;
			attributes = {
				BuildIndependentTargetsInParallel = 1;
				LastSwiftUpdateCheck = 1420;
				LastUpgradeCheck = 1420;
				TargetAttributes = {
					1A6B5E8229D6383E0002C6CE = {
						CreatedOnToolsVersion = 14.2;
					};
					1A6B5E9829D6383F0002C6CE = {
						CreatedOnToolsVersion = 14.2;
						TestTargetID = 1A6B5E8229D6383E0002C6CE;
					};
					1A6B5EA229D6383F0002C6CE = {
						CreatedOnToolsVersion = 14.2;
						TestTargetID = 1A6B5E8229D6383E0002C6CE;
					};
				};
			};
			buildConfigurationList = 1A6B5E7E29D6383E0002C6CE /* Build configuration list for PBXProject "Euskal-Telebista" */;
			compatibilityVersion = "Xcode 14.0";
			developmentRegion = en;
			hasScannedForEncodings = 0;
			knownRegions = (
				en,
				Base,
			);
			mainGroup = 1A6B5E7A29D6383E0002C6CE;
			packageReferences = (
				1A6B5EE129D76D7B0002C6CE /* XCRemoteSwiftPackageReference "Kingfisher" */,
			);
			productRefGroup = 1A6B5E8429D6383E0002C6CE /* Products */;
			projectDirPath = "";
			projectRoot = "";
			targets = (
				1A6B5E8229D6383E0002C6CE /* Euskal-Telebista */,
				1A6B5E9829D6383F0002C6CE /* Euskal-TelebistaTests */,
				1A6B5EA229D6383F0002C6CE /* Euskal-TelebistaUITests */,
			);
		};
/* End PBXProject section */

/* Begin PBXResourcesBuildPhase section */
		1A6B5E8129D6383E0002C6CE /* Resources */ = {
			isa = PBXResourcesBuildPhase;
			buildActionMask = 2147483647;
			files = (
				1A6B5EC629D6DE660002C6CE /* MainView.xib in Resources */,
				1A747DCC29D79E0200878478 /* TVShowDetailView.xib in Resources */,
				1A6B5E9329D6383F0002C6CE /* LaunchScreen.storyboard in Resources */,
				1A6B5EE029D72A600002C6CE /* TVShowCellTableViewCell.xib in Resources */,
				1A747DDB29D9801600878478 /* TVShowMainInfoTableViewCell.xib in Resources */,
				1A6B5E9029D6383F0002C6CE /* Assets.xcassets in Resources */,
			);
			runOnlyForDeploymentPostprocessing = 0;
		};
		1A6B5E9729D6383F0002C6CE /* Resources */ = {
			isa = PBXResourcesBuildPhase;
			buildActionMask = 2147483647;
			files = (
			);
			runOnlyForDeploymentPostprocessing = 0;
		};
		1A6B5EA129D6383F0002C6CE /* Resources */ = {
			isa = PBXResourcesBuildPhase;
			buildActionMask = 2147483647;
			files = (
			);
			runOnlyForDeploymentPostprocessing = 0;
		};
/* End PBXResourcesBuildPhase section */

/* Begin PBXSourcesBuildPhase section */
		1A6B5E7F29D6383E0002C6CE /* Sources */ = {
			isa = PBXSourcesBuildPhase;
			buildActionMask = 2147483647;
			files = (
				1A6B5ED629D6E5F00002C6CE /* TVShowResponse.swift in Sources */,
				1A6B5E8729D6383E0002C6CE /* AppDelegate.swift in Sources */,
				1A747DC929D79DEA00878478 /* TVShowDetailInteractor.swift in Sources */,
				1A6B5EC429D6DE520002C6CE /* MainView.swift in Sources */,
				1A747DC629D79DEA00878478 /* TVShowDetailPresenter.swift in Sources */,
				1A6B5ED429D6E5E40002C6CE /* TVShow.swift in Sources */,
				1A747DC729D79DEA00878478 /* TVShowDetailRouter.swift in Sources */,
				1A6B5EC929D6E16B0002C6CE /* Endpoint.swift in Sources */,
				1A6B5EC129D6DE520002C6CE /* MainRouter.swift in Sources */,
				1A747DD429D89D6100878478 /* TVShowDetail.swift in Sources */,
				1A6B5EDF29D72A600002C6CE /* TVShowCellTableViewCell.swift in Sources */,
				1A6B5ED129D6E4D20002C6CE /* APIManager.swift in Sources */,
				1A6B5ECF29D6E4C80002C6CE /* APIManagerProtocol.swift in Sources */,
				1A747DD629D8A98E00878478 /* TVShowInfo.swift in Sources */,
				1A6B5EC029D6DE520002C6CE /* MainPresenter.swift in Sources */,
				1A6B5EC229D6DE520002C6CE /* MainProtocols.swift in Sources */,
				1A6B5E8929D6383E0002C6CE /* SceneDelegate.swift in Sources */,
				1A6B5ECD29D6E26B0002C6CE /* EndpointCases.swift in Sources */,
				1A6B5EC329D6DE520002C6CE /* MainInteractor.swift in Sources */,
				1A747DC829D79DEA00878478 /* TVShowDetailProtocols.swift in Sources */,
				1A6B5ED829D6E6F50002C6CE /* ImageData.swift in Sources */,
				1A747DCA29D79DEA00878478 /* TVShowDetailView.swift in Sources */,
				1A747DDA29D9801600878478 /* TVShowMainInfoTableViewCell.swift in Sources */,
				1A6B5EDA29D6E73D0002C6CE /* Playlist.swift in Sources */,
			);
			runOnlyForDeploymentPostprocessing = 0;
		};
		1A6B5E9529D6383F0002C6CE /* Sources */ = {
			isa = PBXSourcesBuildPhase;
			buildActionMask = 2147483647;
			files = (
				1A6B5E9E29D6383F0002C6CE /* Euskal_TelebistaTests.swift in Sources */,
			);
			runOnlyForDeploymentPostprocessing = 0;
		};
		1A6B5E9F29D6383F0002C6CE /* Sources */ = {
			isa = PBXSourcesBuildPhase;
			buildActionMask = 2147483647;
			files = (
				1A6B5EA829D6383F0002C6CE /* Euskal_TelebistaUITests.swift in Sources */,
				1A6B5EAA29D6383F0002C6CE /* Euskal_TelebistaUITestsLaunchTests.swift in Sources */,
			);
			runOnlyForDeploymentPostprocessing = 0;
		};
/* End PBXSourcesBuildPhase section */

/* Begin PBXTargetDependency section */
		1A6B5E9B29D6383F0002C6CE /* PBXTargetDependency */ = {
			isa = PBXTargetDependency;
			target = 1A6B5E8229D6383E0002C6CE /* Euskal-Telebista */;
			targetProxy = 1A6B5E9A29D6383F0002C6CE /* PBXContainerItemProxy */;
		};
		1A6B5EA529D6383F0002C6CE /* PBXTargetDependency */ = {
			isa = PBXTargetDependency;
			target = 1A6B5E8229D6383E0002C6CE /* Euskal-Telebista */;
			targetProxy = 1A6B5EA429D6383F0002C6CE /* PBXContainerItemProxy */;
		};
/* End PBXTargetDependency section */

/* Begin PBXVariantGroup section */
		1A6B5E9129D6383F0002C6CE /* LaunchScreen.storyboard */ = {
			isa = PBXVariantGroup;
			children = (
				1A6B5E9229D6383F0002C6CE /* Base */,
			);
			name = LaunchScreen.storyboard;
			sourceTree = "<group>";
		};
/* End PBXVariantGroup section */

/* Begin XCBuildConfiguration section */
		1A6B5EAB29D6383F0002C6CE /* Debug */ = {
			isa = XCBuildConfiguration;
			buildSettings = {
				ALWAYS_SEARCH_USER_PATHS = NO;
				CLANG_ANALYZER_NONNULL = YES;
				CLANG_ANALYZER_NUMBER_OBJECT_CONVERSION = YES_AGGRESSIVE;
				CLANG_CXX_LANGUAGE_STANDARD = "gnu++20";
				CLANG_ENABLE_MODULES = YES;
				CLANG_ENABLE_OBJC_ARC = YES;
				CLANG_ENABLE_OBJC_WEAK = YES;
				CLANG_WARN_BLOCK_CAPTURE_AUTORELEASING = YES;
				CLANG_WARN_BOOL_CONVERSION = YES;
				CLANG_WARN_COMMA = YES;
				CLANG_WARN_CONSTANT_CONVERSION = YES;
				CLANG_WARN_DEPRECATED_OBJC_IMPLEMENTATIONS = YES;
				CLANG_WARN_DIRECT_OBJC_ISA_USAGE = YES_ERROR;
				CLANG_WARN_DOCUMENTATION_COMMENTS = YES;
				CLANG_WARN_EMPTY_BODY = YES;
				CLANG_WARN_ENUM_CONVERSION = YES;
				CLANG_WARN_INFINITE_RECURSION = YES;
				CLANG_WARN_INT_CONVERSION = YES;
				CLANG_WARN_NON_LITERAL_NULL_CONVERSION = YES;
				CLANG_WARN_OBJC_IMPLICIT_RETAIN_SELF = YES;
				CLANG_WARN_OBJC_LITERAL_CONVERSION = YES;
				CLANG_WARN_OBJC_ROOT_CLASS = YES_ERROR;
				CLANG_WARN_QUOTED_INCLUDE_IN_FRAMEWORK_HEADER = YES;
				CLANG_WARN_RANGE_LOOP_ANALYSIS = YES;
				CLANG_WARN_STRICT_PROTOTYPES = YES;
				CLANG_WARN_SUSPICIOUS_MOVE = YES;
				CLANG_WARN_UNGUARDED_AVAILABILITY = YES_AGGRESSIVE;
				CLANG_WARN_UNREACHABLE_CODE = YES;
				CLANG_WARN__DUPLICATE_METHOD_MATCH = YES;
				COPY_PHASE_STRIP = NO;
				DEBUG_INFORMATION_FORMAT = dwarf;
				ENABLE_STRICT_OBJC_MSGSEND = YES;
				ENABLE_TESTABILITY = YES;
				GCC_C_LANGUAGE_STANDARD = gnu11;
				GCC_DYNAMIC_NO_PIC = NO;
				GCC_NO_COMMON_BLOCKS = YES;
				GCC_OPTIMIZATION_LEVEL = 0;
				GCC_PREPROCESSOR_DEFINITIONS = (
					"DEBUG=1",
					"$(inherited)",
				);
				GCC_WARN_64_TO_32_BIT_CONVERSION = YES;
				GCC_WARN_ABOUT_RETURN_TYPE = YES_ERROR;
				GCC_WARN_UNDECLARED_SELECTOR = YES;
				GCC_WARN_UNINITIALIZED_AUTOS = YES_AGGRESSIVE;
				GCC_WARN_UNUSED_FUNCTION = YES;
				GCC_WARN_UNUSED_VARIABLE = YES;
				IPHONEOS_DEPLOYMENT_TARGET = 16.2;
				MTL_ENABLE_DEBUG_INFO = INCLUDE_SOURCE;
				MTL_FAST_MATH = YES;
				ONLY_ACTIVE_ARCH = YES;
				SDKROOT = iphoneos;
				SWIFT_ACTIVE_COMPILATION_CONDITIONS = DEBUG;
				SWIFT_OPTIMIZATION_LEVEL = "-Onone";
			};
			name = Debug;
		};
		1A6B5EAC29D6383F0002C6CE /* Release */ = {
			isa = XCBuildConfiguration;
			buildSettings = {
				ALWAYS_SEARCH_USER_PATHS = NO;
				CLANG_ANALYZER_NONNULL = YES;
				CLANG_ANALYZER_NUMBER_OBJECT_CONVERSION = YES_AGGRESSIVE;
				CLANG_CXX_LANGUAGE_STANDARD = "gnu++20";
				CLANG_ENABLE_MODULES = YES;
				CLANG_ENABLE_OBJC_ARC = YES;
				CLANG_ENABLE_OBJC_WEAK = YES;
				CLANG_WARN_BLOCK_CAPTURE_AUTORELEASING = YES;
				CLANG_WARN_BOOL_CONVERSION = YES;
				CLANG_WARN_COMMA = YES;
				CLANG_WARN_CONSTANT_CONVERSION = YES;
				CLANG_WARN_DEPRECATED_OBJC_IMPLEMENTATIONS = YES;
				CLANG_WARN_DIRECT_OBJC_ISA_USAGE = YES_ERROR;
				CLANG_WARN_DOCUMENTATION_COMMENTS = YES;
				CLANG_WARN_EMPTY_BODY = YES;
				CLANG_WARN_ENUM_CONVERSION = YES;
				CLANG_WARN_INFINITE_RECURSION = YES;
				CLANG_WARN_INT_CONVERSION = YES;
				CLANG_WARN_NON_LITERAL_NULL_CONVERSION = YES;
				CLANG_WARN_OBJC_IMPLICIT_RETAIN_SELF = YES;
				CLANG_WARN_OBJC_LITERAL_CONVERSION = YES;
				CLANG_WARN_OBJC_ROOT_CLASS = YES_ERROR;
				CLANG_WARN_QUOTED_INCLUDE_IN_FRAMEWORK_HEADER = YES;
				CLANG_WARN_RANGE_LOOP_ANALYSIS = YES;
				CLANG_WARN_STRICT_PROTOTYPES = YES;
				CLANG_WARN_SUSPICIOUS_MOVE = YES;
				CLANG_WARN_UNGUARDED_AVAILABILITY = YES_AGGRESSIVE;
				CLANG_WARN_UNREACHABLE_CODE = YES;
				CLANG_WARN__DUPLICATE_METHOD_MATCH = YES;
				COPY_PHASE_STRIP = NO;
				DEBUG_INFORMATION_FORMAT = "dwarf-with-dsym";
				ENABLE_NS_ASSERTIONS = NO;
				ENABLE_STRICT_OBJC_MSGSEND = YES;
				GCC_C_LANGUAGE_STANDARD = gnu11;
				GCC_NO_COMMON_BLOCKS = YES;
				GCC_WARN_64_TO_32_BIT_CONVERSION = YES;
				GCC_WARN_ABOUT_RETURN_TYPE = YES_ERROR;
				GCC_WARN_UNDECLARED_SELECTOR = YES;
				GCC_WARN_UNINITIALIZED_AUTOS = YES_AGGRESSIVE;
				GCC_WARN_UNUSED_FUNCTION = YES;
				GCC_WARN_UNUSED_VARIABLE = YES;
				IPHONEOS_DEPLOYMENT_TARGET = 16.2;
				MTL_ENABLE_DEBUG_INFO = NO;
				MTL_FAST_MATH = YES;
				SDKROOT = iphoneos;
				SWIFT_COMPILATION_MODE = wholemodule;
				SWIFT_OPTIMIZATION_LEVEL = "-O";
				VALIDATE_PRODUCT = YES;
			};
			name = Release;
		};
		1A6B5EAE29D6383F0002C6CE /* Debug */ = {
			isa = XCBuildConfiguration;
			buildSettings = {
				ASSETCATALOG_COMPILER_APPICON_NAME = AppIcon;
				ASSETCATALOG_COMPILER_GLOBAL_ACCENT_COLOR_NAME = AccentColor;
				CODE_SIGN_STYLE = Automatic;
				CURRENT_PROJECT_VERSION = 1;
				DEVELOPMENT_TEAM = V9WUS7ZBGW;
				GENERATE_INFOPLIST_FILE = YES;
				INFOPLIST_FILE = "Euskal-Telebista/Supporting files/Info.plist";
				INFOPLIST_KEY_UIApplicationSupportsIndirectInputEvents = YES;
				INFOPLIST_KEY_UILaunchStoryboardName = LaunchScreen;
				INFOPLIST_KEY_UIMainStoryboardFile = "";
				INFOPLIST_KEY_UISupportedInterfaceOrientations = "UIInterfaceOrientationLandscapeLeft UIInterfaceOrientationLandscapeRight UIInterfaceOrientationPortrait";
				INFOPLIST_KEY_UISupportedInterfaceOrientations_iPad = "UIInterfaceOrientationLandscapeLeft UIInterfaceOrientationLandscapeRight UIInterfaceOrientationPortrait UIInterfaceOrientationPortraitUpsideDown";
				IPHONEOS_DEPLOYMENT_TARGET = 15.0;
				LD_RUNPATH_SEARCH_PATHS = (
					"$(inherited)",
					"@executable_path/Frameworks",
				);
				MARKETING_VERSION = 1.0;
				PRODUCT_BUNDLE_IDENTIFIER = "eus.aitorzubizarreta.Euskal-Telebista";
				PRODUCT_NAME = "$(TARGET_NAME)";
				SWIFT_EMIT_LOC_STRINGS = YES;
				SWIFT_VERSION = 5.0;
				TARGETED_DEVICE_FAMILY = "1,2";
			};
			name = Debug;
		};
		1A6B5EAF29D6383F0002C6CE /* Release */ = {
			isa = XCBuildConfiguration;
			buildSettings = {
				ASSETCATALOG_COMPILER_APPICON_NAME = AppIcon;
				ASSETCATALOG_COMPILER_GLOBAL_ACCENT_COLOR_NAME = AccentColor;
				CODE_SIGN_STYLE = Automatic;
				CURRENT_PROJECT_VERSION = 1;
				DEVELOPMENT_TEAM = V9WUS7ZBGW;
				GENERATE_INFOPLIST_FILE = YES;
				INFOPLIST_FILE = "Euskal-Telebista/Supporting files/Info.plist";
				INFOPLIST_KEY_UIApplicationSupportsIndirectInputEvents = YES;
				INFOPLIST_KEY_UILaunchStoryboardName = LaunchScreen;
				INFOPLIST_KEY_UIMainStoryboardFile = "";
				INFOPLIST_KEY_UISupportedInterfaceOrientations = "UIInterfaceOrientationLandscapeLeft UIInterfaceOrientationLandscapeRight UIInterfaceOrientationPortrait";
				INFOPLIST_KEY_UISupportedInterfaceOrientations_iPad = "UIInterfaceOrientationLandscapeLeft UIInterfaceOrientationLandscapeRight UIInterfaceOrientationPortrait UIInterfaceOrientationPortraitUpsideDown";
				IPHONEOS_DEPLOYMENT_TARGET = 15.0;
				LD_RUNPATH_SEARCH_PATHS = (
					"$(inherited)",
					"@executable_path/Frameworks",
				);
				MARKETING_VERSION = 1.0;
				PRODUCT_BUNDLE_IDENTIFIER = "eus.aitorzubizarreta.Euskal-Telebista";
				PRODUCT_NAME = "$(TARGET_NAME)";
				SWIFT_EMIT_LOC_STRINGS = YES;
				SWIFT_VERSION = 5.0;
				TARGETED_DEVICE_FAMILY = "1,2";
			};
			name = Release;
		};
		1A6B5EB129D6383F0002C6CE /* Debug */ = {
			isa = XCBuildConfiguration;
			buildSettings = {
				ALWAYS_EMBED_SWIFT_STANDARD_LIBRARIES = YES;
				BUNDLE_LOADER = "$(TEST_HOST)";
				CODE_SIGN_STYLE = Automatic;
				CURRENT_PROJECT_VERSION = 1;
				DEVELOPMENT_TEAM = V9WUS7ZBGW;
				GENERATE_INFOPLIST_FILE = YES;
				IPHONEOS_DEPLOYMENT_TARGET = 16.2;
				MARKETING_VERSION = 1.0;
				PRODUCT_BUNDLE_IDENTIFIER = "eus.aitorzubizarreta.Euskal-TelebistaTests";
				PRODUCT_NAME = "$(TARGET_NAME)";
				SWIFT_EMIT_LOC_STRINGS = NO;
				SWIFT_VERSION = 5.0;
				TARGETED_DEVICE_FAMILY = "1,2";
				TEST_HOST = "$(BUILT_PRODUCTS_DIR)/Euskal-Telebista.app/$(BUNDLE_EXECUTABLE_FOLDER_PATH)/Euskal-Telebista";
			};
			name = Debug;
		};
		1A6B5EB229D6383F0002C6CE /* Release */ = {
			isa = XCBuildConfiguration;
			buildSettings = {
				ALWAYS_EMBED_SWIFT_STANDARD_LIBRARIES = YES;
				BUNDLE_LOADER = "$(TEST_HOST)";
				CODE_SIGN_STYLE = Automatic;
				CURRENT_PROJECT_VERSION = 1;
				DEVELOPMENT_TEAM = V9WUS7ZBGW;
				GENERATE_INFOPLIST_FILE = YES;
				IPHONEOS_DEPLOYMENT_TARGET = 16.2;
				MARKETING_VERSION = 1.0;
				PRODUCT_BUNDLE_IDENTIFIER = "eus.aitorzubizarreta.Euskal-TelebistaTests";
				PRODUCT_NAME = "$(TARGET_NAME)";
				SWIFT_EMIT_LOC_STRINGS = NO;
				SWIFT_VERSION = 5.0;
				TARGETED_DEVICE_FAMILY = "1,2";
				TEST_HOST = "$(BUILT_PRODUCTS_DIR)/Euskal-Telebista.app/$(BUNDLE_EXECUTABLE_FOLDER_PATH)/Euskal-Telebista";
			};
			name = Release;
		};
		1A6B5EB429D6383F0002C6CE /* Debug */ = {
			isa = XCBuildConfiguration;
			buildSettings = {
				ALWAYS_EMBED_SWIFT_STANDARD_LIBRARIES = YES;
				CODE_SIGN_STYLE = Automatic;
				CURRENT_PROJECT_VERSION = 1;
				DEVELOPMENT_TEAM = V9WUS7ZBGW;
				GENERATE_INFOPLIST_FILE = YES;
				MARKETING_VERSION = 1.0;
				PRODUCT_BUNDLE_IDENTIFIER = "eus.aitorzubizarreta.Euskal-TelebistaUITests";
				PRODUCT_NAME = "$(TARGET_NAME)";
				SWIFT_EMIT_LOC_STRINGS = NO;
				SWIFT_VERSION = 5.0;
				TARGETED_DEVICE_FAMILY = "1,2";
				TEST_TARGET_NAME = "Euskal-Telebista";
			};
			name = Debug;
		};
		1A6B5EB529D6383F0002C6CE /* Release */ = {
			isa = XCBuildConfiguration;
			buildSettings = {
				ALWAYS_EMBED_SWIFT_STANDARD_LIBRARIES = YES;
				CODE_SIGN_STYLE = Automatic;
				CURRENT_PROJECT_VERSION = 1;
				DEVELOPMENT_TEAM = V9WUS7ZBGW;
				GENERATE_INFOPLIST_FILE = YES;
				MARKETING_VERSION = 1.0;
				PRODUCT_BUNDLE_IDENTIFIER = "eus.aitorzubizarreta.Euskal-TelebistaUITests";
				PRODUCT_NAME = "$(TARGET_NAME)";
				SWIFT_EMIT_LOC_STRINGS = NO;
				SWIFT_VERSION = 5.0;
				TARGETED_DEVICE_FAMILY = "1,2";
				TEST_TARGET_NAME = "Euskal-Telebista";
			};
			name = Release;
		};
/* End XCBuildConfiguration section */

/* Begin XCConfigurationList section */
		1A6B5E7E29D6383E0002C6CE /* Build configuration list for PBXProject "Euskal-Telebista" */ = {
			isa = XCConfigurationList;
			buildConfigurations = (
				1A6B5EAB29D6383F0002C6CE /* Debug */,
				1A6B5EAC29D6383F0002C6CE /* Release */,
			);
			defaultConfigurationIsVisible = 0;
			defaultConfigurationName = Release;
		};
		1A6B5EAD29D6383F0002C6CE /* Build configuration list for PBXNativeTarget "Euskal-Telebista" */ = {
			isa = XCConfigurationList;
			buildConfigurations = (
				1A6B5EAE29D6383F0002C6CE /* Debug */,
				1A6B5EAF29D6383F0002C6CE /* Release */,
			);
			defaultConfigurationIsVisible = 0;
			defaultConfigurationName = Release;
		};
		1A6B5EB029D6383F0002C6CE /* Build configuration list for PBXNativeTarget "Euskal-TelebistaTests" */ = {
			isa = XCConfigurationList;
			buildConfigurations = (
				1A6B5EB129D6383F0002C6CE /* Debug */,
				1A6B5EB229D6383F0002C6CE /* Release */,
			);
			defaultConfigurationIsVisible = 0;
			defaultConfigurationName = Release;
		};
		1A6B5EB329D6383F0002C6CE /* Build configuration list for PBXNativeTarget "Euskal-TelebistaUITests" */ = {
			isa = XCConfigurationList;
			buildConfigurations = (
				1A6B5EB429D6383F0002C6CE /* Debug */,
				1A6B5EB529D6383F0002C6CE /* Release */,
			);
			defaultConfigurationIsVisible = 0;
			defaultConfigurationName = Release;
		};
/* End XCConfigurationList section */

/* Begin XCRemoteSwiftPackageReference section */
		1A6B5EE129D76D7B0002C6CE /* XCRemoteSwiftPackageReference "Kingfisher" */ = {
			isa = XCRemoteSwiftPackageReference;
			repositoryURL = "https://github.com/onevcat/Kingfisher.git";
			requirement = {
				kind = upToNextMajorVersion;
				minimumVersion = 7.0.0;
			};
		};
/* End XCRemoteSwiftPackageReference section */

/* Begin XCSwiftPackageProductDependency section */
		1A6B5EE229D76D7B0002C6CE /* Kingfisher */ = {
			isa = XCSwiftPackageProductDependency;
			package = 1A6B5EE129D76D7B0002C6CE /* XCRemoteSwiftPackageReference "Kingfisher" */;
			productName = Kingfisher;
		};
/* End XCSwiftPackageProductDependency section */
	};
	rootObject = 1A6B5E7B29D6383E0002C6CE /* Project object */;
}
